
Microsoft Visual Studio Solution File, Format Version 12.00
# Visual Studio Version 17
VisualStudioVersion = 17.5.33516.290
MinimumVisualStudioVersion = 10.0.40219.1
Project("{FAE04EC0-301F-11D3-BF4B-00C04F79EFBC}") = "SQS_Service_Publisher", "..\SQS_Service_Publisher\SQS_Service_Publisher.csproj", "{9337AD7A-4C8E-4A55-8FCE-53C029944E40}"
EndProject
Project("{FAE04EC0-301F-11D3-BF4B-00C04F79EFBC}") = "Message", "..\Message\Message.csproj", "{125B614C-D93F-4F97-B47E-693A8D9FA0FB}"
EndProject
Project("{FAE04EC0-301F-11D3-BF4B-00C04F79EFBC}") = "SQS_Service_Consumer", "..\SQS_Service_Consumer\SQS_Service_Consumer.csproj", "{B7BD795B-408C-44C9-95AB-6ABB6F660FA6}"
EndProject
Global
	GlobalSection(SolutionConfigurationPlatforms) = preSolution
		Debug|Any CPU = Debug|Any CPU
		Release|Any CPU = Release|Any CPU
	EndGlobalSection
	GlobalSection(ProjectConfigurationPlatforms) = postSolution
		{9337AD7A-4C8E-4A55-8FCE-53C029944E40}.Debug|Any CPU.ActiveCfg = Debug|Any CPU
		{9337AD7A-4C8E-4A55-8FCE-53C029944E40}.Debug|Any CPU.Build.0 = Debug|Any CPU
		{9337AD7A-4C8E-4A55-8FCE-53C029944E40}.Release|Any CPU.ActiveCfg = Release|Any CPU
		{9337AD7A-4C8E-4A55-8FCE-53C029944E40}.Release|Any CPU.Build.0 = Release|Any CPU
		{125B614C-D93F-4F97-B47E-693A8D9FA0FB}.Debug|Any CPU.ActiveCfg = Debug|Any CPU
		{125B614C-D93F-4F97-B47E-693A8D9FA0FB}.Debug|Any CPU.Build.0 = Debug|Any CPU
		{125B614C-D93F-4F97-B47E-693A8D9FA0FB}.Release|Any CPU.ActiveCfg = Release|Any CPU
		{125B614C-D93F-4F97-B47E-693A8D9FA0FB}.Release|Any CPU.Build.0 = Release|Any CPU
		{B7BD795B-408C-44C9-95AB-6ABB6F660FA6}.Debug|Any CPU.ActiveCfg = Debug|Any CPU
		{B7BD795B-408C-44C9-95AB-6ABB6F660FA6}.Debug|Any CPU.Build.0 = Debug|Any CPU
		{B7BD795B-408C-44C9-95AB-6ABB6F660FA6}.Release|Any CPU.ActiveCfg = Release|Any CPU
		{B7BD795B-408C-44C9-95AB-6ABB6F660FA6}.Release|Any CPU.Build.0 = Release|Any CPU
	EndGlobalSection
	GlobalSection(SolutionProperties) = preSolution
		HideSolutionNode = FALSE
	EndGlobalSection
	GlobalSection(ExtensibilityGlobals) = postSolution
		SolutionGuid = {20A15DE7-84D1-46C9-B23C-254A5D10F456}
	EndGlobalSection
EndGlobal
